
Microsoft Visual Studio Solution File, Format Version 12.00
# Visual Studio Version 17
VisualStudioVersion = 17.3.32819.101
MinimumVisualStudioVersion = 10.0.40219.1
Project("{FAE04EC0-301F-11D3-BF4B-00C04F79EFBC}") = "Set_ReadOnly_to_PDF_form_NET", "Set_ReadOnly_to_PDF_form_NET\Set_ReadOnly_to_PDF_form_NET.csproj", "{33E9FEDC-B30F-495E-A97E-733B686C2A17}"
EndProject
Global
	GlobalSection(SolutionConfigurationPlatforms) = preSolution
		Debug|Any CPU = Debug|Any CPU
		Release|Any CPU = Release|Any CPU
	EndGlobalSection
	GlobalSection(ProjectConfigurationPlatforms) = postSolution
		{33E9FEDC-B30F-495E-A97E-733B686C2A17}.Debug|Any CPU.ActiveCfg = Debug|Any CPU
		{33E9FEDC-B30F-495E-A97E-733B686C2A17}.Debug|Any CPU.Build.0 = Debug|Any CPU
		{33E9FEDC-B30F-495E-A97E-733B686C2A17}.Release|Any CPU.ActiveCfg = Release|Any CPU
		{33E9FEDC-B30F-495E-A97E-733B686C2A17}.Release|Any CPU.Build.0 = Release|Any CPU
	EndGlobalSection
	GlobalSection(SolutionProperties) = preSolution
		HideSolutionNode = FALSE
	EndGlobalSection
	GlobalSection(ExtensibilityGlobals) = postSolution
		SolutionGuid = {14918E27-D3D7-4D1C-AE66-9D20FE5B26B2}
	EndGlobalSection
EndGlobal
