
Microsoft Visual Studio Solution File, Format Version 12.00
# Visual Studio Version 17
VisualStudioVersion = 17.3.32819.101
MinimumVisualStudioVersion = 10.0.40219.1
Project("{FAE04EC0-301F-11D3-BF4B-00C04F79EFBC}") = "Create_PDF_form_NET", "Create_PDF_form_NET\Create_PDF_form_NET.csproj", "{44B27A1B-B527-4624-A436-158903037F4E}"
EndProject
Global
	GlobalSection(SolutionConfigurationPlatforms) = preSolution
		Debug|Any CPU = Debug|Any CPU
		Release|Any CPU = Release|Any CPU
	EndGlobalSection
	GlobalSection(ProjectConfigurationPlatforms) = postSolution
		{44B27A1B-B527-4624-A436-158903037F4E}.Debug|Any CPU.ActiveCfg = Debug|Any CPU
		{44B27A1B-B527-4624-A436-158903037F4E}.Debug|Any CPU.Build.0 = Debug|Any CPU
		{44B27A1B-B527-4624-A436-158903037F4E}.Release|Any CPU.ActiveCfg = Release|Any CPU
		{44B27A1B-B527-4624-A436-158903037F4E}.Release|Any CPU.Build.0 = Release|Any CPU
	EndGlobalSection
	GlobalSection(SolutionProperties) = preSolution
		HideSolutionNode = FALSE
	EndGlobalSection
	GlobalSection(ExtensibilityGlobals) = postSolution
		SolutionGuid = {882B423E-5E1D-4939-ACB2-91B7ACA6B0E5}
	EndGlobalSection
EndGlobal
