
Microsoft Visual Studio Solution File, Format Version 12.00
# Visual Studio Version 17
VisualStudioVersion = 17.3.32819.101
MinimumVisualStudioVersion = 10.0.40219.1
Project("{FAE04EC0-301F-11D3-BF4B-00C04F79EFBC}") = "Modify_form_fields_NET", "Modify_form_fields_NET\Modify_form_fields_NET.csproj", "{756D0E1C-2246-47B7-B58A-F38437959949}"
EndProject
Global
	GlobalSection(SolutionConfigurationPlatforms) = preSolution
		Debug|Any CPU = Debug|Any CPU
		Release|Any CPU = Release|Any CPU
	EndGlobalSection
	GlobalSection(ProjectConfigurationPlatforms) = postSolution
		{756D0E1C-2246-47B7-B58A-F38437959949}.Debug|Any CPU.ActiveCfg = Debug|Any CPU
		{756D0E1C-2246-47B7-B58A-F38437959949}.Debug|Any CPU.Build.0 = Debug|Any CPU
		{756D0E1C-2246-47B7-B58A-F38437959949}.Release|Any CPU.ActiveCfg = Release|Any CPU
		{756D0E1C-2246-47B7-B58A-F38437959949}.Release|Any CPU.Build.0 = Release|Any CPU
	EndGlobalSection
	GlobalSection(SolutionProperties) = preSolution
		HideSolutionNode = FALSE
	EndGlobalSection
	GlobalSection(ExtensibilityGlobals) = postSolution
		SolutionGuid = {3FBBEBAA-E224-4659-83BC-515C0758EAFB}
	EndGlobalSection
EndGlobal
