
Microsoft Visual Studio Solution File, Format Version 12.00
# Visual Studio Version 17
VisualStudioVersion = 17.3.32819.101
MinimumVisualStudioVersion = 10.0.40219.1
Project("{FAE04EC0-301F-11D3-BF4B-00C04F79EFBC}") = "Remove_form_fields_from_PDF_NET", "Remove_form_fields_from_PDF_NET\Remove_form_fields_from_PDF_NET.csproj", "{A14AAD90-EFB5-473F-A64E-88E814FFDD81}"
EndProject
Global
	GlobalSection(SolutionConfigurationPlatforms) = preSolution
		Debug|Any CPU = Debug|Any CPU
		Release|Any CPU = Release|Any CPU
	EndGlobalSection
	GlobalSection(ProjectConfigurationPlatforms) = postSolution
		{A14AAD90-EFB5-473F-A64E-88E814FFDD81}.Debug|Any CPU.ActiveCfg = Debug|Any CPU
		{A14AAD90-EFB5-473F-A64E-88E814FFDD81}.Debug|Any CPU.Build.0 = Debug|Any CPU
		{A14AAD90-EFB5-473F-A64E-88E814FFDD81}.Release|Any CPU.ActiveCfg = Release|Any CPU
		{A14AAD90-EFB5-473F-A64E-88E814FFDD81}.Release|Any CPU.Build.0 = Release|Any CPU
	EndGlobalSection
	GlobalSection(SolutionProperties) = preSolution
		HideSolutionNode = FALSE
	EndGlobalSection
	GlobalSection(ExtensibilityGlobals) = postSolution
		SolutionGuid = {29AEA6E7-46A5-4A4F-8288-E7BE240687FF}
	EndGlobalSection
EndGlobal
